
Microsoft Visual Studio Solution File, Format Version 12.00
# Visual Studio Version 17
VisualStudioVersion = 17.8.34511.84
MinimumVisualStudioVersion = 10.0.40219.1
Project("{FAE04EC0-301F-11D3-BF4B-00C04F79EFBC}") = "TimeTrackerF", "TimeTrackerF\TimeTrackerF.csproj", "{8EC0C34D-A97D-4947-A2C2-9491F9DECBB4}"
EndProject
Global
	GlobalSection(SolutionConfigurationPlatforms) = preSolution
		Debug|Any CPU = Debug|Any CPU
		Release|Any CPU = Release|Any CPU
	EndGlobalSection
	GlobalSection(ProjectConfigurationPlatforms) = postSolution
		{8EC0C34D-A97D-4947-A2C2-9491F9DECBB4}.Debug|Any CPU.ActiveCfg = Debug|Any CPU
		{8EC0C34D-A97D-4947-A2C2-9491F9DECBB4}.Debug|Any CPU.Build.0 = Debug|Any CPU
		{8EC0C34D-A97D-4947-A2C2-9491F9DECBB4}.Release|Any CPU.ActiveCfg = Release|Any CPU
		{8EC0C34D-A97D-4947-A2C2-9491F9DECBB4}.Release|Any CPU.Build.0 = Release|Any CPU
	EndGlobalSection
	GlobalSection(SolutionProperties) = preSolution
		HideSolutionNode = FALSE
	EndGlobalSection
	GlobalSection(ExtensibilityGlobals) = postSolution
		SolutionGuid = {1FE42DA7-DD3D-4F7C-8055-2D30D69C1B73}
	EndGlobalSection
EndGlobal
